{
  "name": "twitter-bot",
  "version": "1.0.0",
  "lockfileVersion": 3,
  "requires": true,
  "packages": {
    "": {
      "name": "twitter-bot",
      "version": "1.0.0",
      "dependencies": {
        "twitter-api-v2": "^1.16.1"
      },
      "engines": {
        "node": ">=18"
      }
    },
    "node_modules/twitter-api-v2": {
      "version": "1.28.0",
      "resolved": "https://registry.npmjs.org/twitter-api-v2/-/twitter-api-v2-1.28.0.tgz",
      "integrity": "sha512-VBmiAMylCEr94OChaHJ+0TBrOZNrduwWUe7QLoa/KdOdv1fNiToJ0xZGOrNKFd2B7jrAdAkfUW6yA5LuXYOYLQ==",
      "license": "Apache-2.0"
    }
  }
}
